
Microsoft Visual Studio Solution File, Format Version 12.00
Project("{FAE04EC0-301F-11D3-BF4B-00C04F79EFBC}") = "VotumServer", "VotumServer.csproj", "{3E635065-D7AB-49B6-A958-13070C323AE1}"
EndProject
Project("{2150E333-8FDC-42A3-9474-1A3956D46DE8}") = "Solution Items", "Solution Items", "{2F05F3D1-CD0D-4996-A924-1B5688401C1F}"
	ProjectSection(SolutionItems) = preProject
		compose.yaml = compose.yaml
	EndProjectSection
EndProject
Global
	GlobalSection(SolutionConfigurationPlatforms) = preSolution
		Debug|Any CPU = Debug|Any CPU
		Release|Any CPU = Release|Any CPU
	EndGlobalSection
	GlobalSection(ProjectConfigurationPlatforms) = postSolution
		{3E635065-D7AB-49B6-A958-13070C323AE1}.Debug|Any CPU.ActiveCfg = Debug|Any CPU
		{3E635065-D7AB-49B6-A958-13070C323AE1}.Debug|Any CPU.Build.0 = Debug|Any CPU
		{3E635065-D7AB-49B6-A958-13070C323AE1}.Release|Any CPU.ActiveCfg = Release|Any CPU
		{3E635065-D7AB-49B6-A958-13070C323AE1}.Release|Any CPU.Build.0 = Release|Any CPU
	EndGlobalSection
EndGlobal
